
Microsoft Visual Studio Solution File, Format Version 12.00
# Visual Studio Version 16
VisualStudioVersion = 16.0.32428.217
MinimumVisualStudioVersion = 10.0.40219.1
Project("{FAE04EC0-301F-11D3-BF4B-00C04F79EFBC}") = "VisualLab6", "VisualLab6\VisualLab6.csproj", "{D359691C-530C-41DA-B9C6-79D466DF1FFD}"
EndProject
Global
	GlobalSection(SolutionConfigurationPlatforms) = preSolution
		Debug|Any CPU = Debug|Any CPU
		Release|Any CPU = Release|Any CPU
	EndGlobalSection
	GlobalSection(ProjectConfigurationPlatforms) = postSolution
		{D359691C-530C-41DA-B9C6-79D466DF1FFD}.Debug|Any CPU.ActiveCfg = Debug|Any CPU
		{D359691C-530C-41DA-B9C6-79D466DF1FFD}.Debug|Any CPU.Build.0 = Debug|Any CPU
		{D359691C-530C-41DA-B9C6-79D466DF1FFD}.Release|Any CPU.ActiveCfg = Release|Any CPU
		{D359691C-530C-41DA-B9C6-79D466DF1FFD}.Release|Any CPU.Build.0 = Release|Any CPU
	EndGlobalSection
	GlobalSection(SolutionProperties) = preSolution
		HideSolutionNode = FALSE
	EndGlobalSection
	GlobalSection(ExtensibilityGlobals) = postSolution
		SolutionGuid = {F3B893DB-B11A-4E31-AB9F-1DECFF39C68D}
	EndGlobalSection
EndGlobal
